
Microsoft Visual Studio Solution File, Format Version 12.00
# Visual Studio Version 16
VisualStudioVersion = 16.0.32630.194
MinimumVisualStudioVersion = 10.0.40219.1
Project("{FAE04EC0-301F-11D3-BF4B-00C04F79EFBC}") = "GrpcServer", "GrpcServer.csproj", "{2DCEEF16-0805-4A7A-8C51-2451097E0D24}"
EndProject
Global
	GlobalSection(SolutionConfigurationPlatforms) = preSolution
		Debug|Any CPU = Debug|Any CPU
		Release|Any CPU = Release|Any CPU
	EndGlobalSection
	GlobalSection(ProjectConfigurationPlatforms) = postSolution
		{2DCEEF16-0805-4A7A-8C51-2451097E0D24}.Debug|Any CPU.ActiveCfg = Debug|Any CPU
		{2DCEEF16-0805-4A7A-8C51-2451097E0D24}.Debug|Any CPU.Build.0 = Debug|Any CPU
		{2DCEEF16-0805-4A7A-8C51-2451097E0D24}.Release|Any CPU.ActiveCfg = Release|Any CPU
		{2DCEEF16-0805-4A7A-8C51-2451097E0D24}.Release|Any CPU.Build.0 = Release|Any CPU
	EndGlobalSection
	GlobalSection(SolutionProperties) = preSolution
		HideSolutionNode = FALSE
	EndGlobalSection
	GlobalSection(ExtensibilityGlobals) = postSolution
		SolutionGuid = {11C38E59-637D-41B5-9C08-FD5A2E321814}
	EndGlobalSection
EndGlobal
